
Microsoft Visual Studio Solution File, Format Version 12.00
# Visual Studio Version 17
VisualStudioVersion = 17.5.002.0
MinimumVisualStudioVersion = 10.0.40219.1
Project("{9A19103F-16F7-4668-BE54-9A1E7A4F7556}") = "mod9", "mod9.csproj", "{39313753-F44E-4768-8F3A-96AF76E4AA6C}"
EndProject
Global
	GlobalSection(SolutionConfigurationPlatforms) = preSolution
		Debug|Any CPU = Debug|Any CPU
		Release|Any CPU = Release|Any CPU
	EndGlobalSection
	GlobalSection(ProjectConfigurationPlatforms) = postSolution
		{39313753-F44E-4768-8F3A-96AF76E4AA6C}.Debug|Any CPU.ActiveCfg = Debug|Any CPU
		{39313753-F44E-4768-8F3A-96AF76E4AA6C}.Debug|Any CPU.Build.0 = Debug|Any CPU
		{39313753-F44E-4768-8F3A-96AF76E4AA6C}.Release|Any CPU.ActiveCfg = Release|Any CPU
		{39313753-F44E-4768-8F3A-96AF76E4AA6C}.Release|Any CPU.Build.0 = Release|Any CPU
	EndGlobalSection
	GlobalSection(SolutionProperties) = preSolution
		HideSolutionNode = FALSE
	EndGlobalSection
	GlobalSection(ExtensibilityGlobals) = postSolution
		SolutionGuid = {FDD1F09F-479C-400F-911E-14E60A0660CA}
	EndGlobalSection
EndGlobal
